# This file was autogenerated by uv via the following command:
#    uv pip compile requirements.txt -o requirements.lock --python-version 3.11
-e ../../..
    # via -r requirements.txt
appdirs==1.4.4
    # via deepfilternet
certifi==2026.5.20
    # via requests
cffi==2.0.0
    # via soundfile
charset-normalizer==3.4.7
    # via requests
deepfilterlib==0.5.6
    # via deepfilternet
deepfilternet==0.5.6
    # via -r requirements.txt
filelock==3.29.0
    # via torch
flatbuffers==25.12.19
    # via onnxruntime
fsspec==2026.4.0
    # via torch
future==1.0.0
    # via nnef-tools
idna==3.18
    # via requests
jinja2==3.1.6
    # via torch
loguru==0.7.3
    # via
    #   -r requirements.txt
    #   deepfilternet
mako==1.3.12
    # via torch-to-nnef
markdown-it-py==4.2.0
    # via rich
markupsafe==3.0.3
    # via
    #   jinja2
    #   mako
mdurl==0.1.2
    # via markdown-it-py
ml-dtypes==0.5.4
    # via onnx
mpmath==1.3.0
    # via sympy
networkx==3.6.1
    # via torch
nnef==1.0.10
    # via
    #   nnef-tools
    #   torch-to-nnef
nnef-tools==1.0.11
    # via torch-to-nnef
numpy==1.26.4
    # via
    #   deepfilterlib
    #   deepfilternet
    #   ml-dtypes
    #   nnef
    #   nnef-tools
    #   onnx
    #   onnxruntime
    #   soundfile
    #   torch-to-nnef
onnx==1.21.0
    # via
    #   -r requirements.txt
    #   onnxsim
onnxruntime==1.26.0
    # via -r requirements.txt
onnxsim==0.6.4
    # via -r requirements.txt
packaging==23.2
    # via
    #   deepfilternet
    #   onnxruntime
protobuf==7.35.0
    # via
    #   onnx
    #   onnxruntime
pycparser==3.0
    # via cffi
pygments==2.20.0
    # via rich
pyyaml==6.0.3
    # via torch-to-nnef
requests==2.34.2
    # via deepfilternet
rich==15.0.0
    # via onnxsim
setuptools==81.0.0
    # via torch
six==1.17.0
    # via nnef-tools
soundfile==0.13.1
    # via -r requirements.txt
sympy==1.14.0
    # via
    #   deepfilternet
    #   torch
torch==2.11.0
    # via
    #   -r requirements.txt
    #   torch-to-nnef
torchaudio==2.11.0
    # via -r requirements.txt
typing-extensions==4.15.0
    # via
    #   onnx
    #   torch
    #   torch-to-nnef
urllib3==2.7.0
    # via requests
