# This file was autogenerated by uv via the following command:
#    uv pip compile requirements.txt -o requirements.lock --universal --python-version 3.11
-e ../../..
    # via -r requirements.txt
cuda-bindings==13.3.1 ; sys_platform == 'linux'
    # via torch
cuda-pathfinder==1.5.5 ; sys_platform == 'linux'
    # via cuda-bindings
cuda-toolkit==13.0.2 ; sys_platform == 'linux'
    # via torch
filelock==3.29.0
    # via torch
fsspec==2026.4.0
    # via torch
future==1.0.0
    # via nnef-tools
jinja2==3.1.6
    # via torch
mako==1.3.12
    # via torch-to-nnef
markupsafe==3.0.3
    # via
    #   jinja2
    #   mako
mpmath==1.3.0
    # via sympy
networkx==3.6.1
    # via torch
nnef==1.0.10
    # via
    #   nnef-tools
    #   torch-to-nnef
nnef-tools==1.0.11
    # via torch-to-nnef
numpy==2.4.6
    # via
    #   nnef
    #   nnef-tools
    #   torch-to-nnef
nvidia-cublas==13.1.0.3 ; sys_platform == 'linux'
    # via
    #   cuda-toolkit
    #   nvidia-cudnn-cu13
    #   nvidia-cusolver
nvidia-cuda-cupti==13.0.85 ; sys_platform == 'linux'
    # via cuda-toolkit
nvidia-cuda-nvrtc==13.0.88 ; sys_platform == 'linux'
    # via cuda-toolkit
nvidia-cuda-runtime==13.0.96 ; sys_platform == 'linux'
    # via cuda-toolkit
nvidia-cudnn-cu13==9.19.0.56 ; sys_platform == 'linux'
    # via torch
nvidia-cufft==12.0.0.61 ; sys_platform == 'linux'
    # via cuda-toolkit
nvidia-cufile==1.15.1.6 ; sys_platform == 'linux'
    # via cuda-toolkit
nvidia-curand==10.4.0.35 ; sys_platform == 'linux'
    # via cuda-toolkit
nvidia-cusolver==12.0.4.66 ; sys_platform == 'linux'
    # via cuda-toolkit
nvidia-cusparse==12.6.3.3 ; sys_platform == 'linux'
    # via
    #   cuda-toolkit
    #   nvidia-cusolver
nvidia-cusparselt-cu13==0.8.0 ; sys_platform == 'linux'
    # via torch
nvidia-nccl-cu13==2.28.9 ; sys_platform == 'linux'
    # via torch
nvidia-nvjitlink==13.0.88 ; sys_platform == 'linux'
    # via
    #   cuda-toolkit
    #   nvidia-cufft
    #   nvidia-cusolver
    #   nvidia-cusparse
nvidia-nvshmem-cu13==3.4.5 ; sys_platform == 'linux'
    # via torch
nvidia-nvtx==13.0.85 ; sys_platform == 'linux'
    # via cuda-toolkit
packaging==26.2
    # via silero-vad
pyyaml==6.0.3
    # via torch-to-nnef
setuptools==81.0.0
    # via torch
silero-vad==6.2.1
    # via -r requirements.txt
six==1.17.0
    # via nnef-tools
sympy==1.14.0
    # via torch
torch==2.11.0
    # via
    #   -r requirements.txt
    #   silero-vad
    #   torch-to-nnef
torchaudio==2.11.0
    # via
    #   -r requirements.txt
    #   silero-vad
triton==3.6.0 ; sys_platform == 'linux'
    # via torch
typing-extensions==4.15.0
    # via
    #   torch
    #   torch-to-nnef
