# This file was autogenerated by uv via the following command:
#    uv pip compile requirements.txt -o requirements.lock --universal --python-version 3.11
-e ../../
    # via
    #   -r requirements.txt
    #   torch-to-nnef-nemo-asr
-e file:///Users/julien.balian/SONOS/src/torch-to-nnef-sec-initiative/packages/nemo-asr
    # via torch-to-nnef
absl-py==2.4.0
    # via
    #   fiddle
    #   tensorboard
accelerate==1.13.0
    # via peft
aiohappyeyeballs==2.6.2
    # via aiohttp
aiohttp==3.14.0
    # via fsspec
aiosignal==1.4.0
    # via aiohttp
alembic==1.18.4
    # via optuna
annotated-types==0.7.0
    # via pydantic
antlr4-python3-runtime==4.9.3
    # via
    #   hydra-core
    #   omegaconf
anyio==4.13.0
    # via httpx
asttokens==3.0.1
    # via stack-data
attrs==26.1.0
    # via aiohttp
audioop-lts==0.2.2 ; python_full_version >= '3.13'
    # via
    #   standard-aifc
    #   standard-sunau
audioread==3.1.0
    # via
    #   lhotse
    #   librosa
braceexpand==0.1.7
    # via
    #   nemo-toolkit
    #   webdataset
certifi==2026.5.20
    # via
    #   httpcore
    #   httpx
    #   requests
    #   sentry-sdk
cffi==2.0.0
    # via soundfile
charset-normalizer==3.4.7
    # via requests
click==8.4.1
    # via
    #   jiwer
    #   lhotse
    #   sacremoses
    #   wandb
cloudpickle==3.1.2
    # via nemo-toolkit
colorama==0.4.6
    # via
    #   click
    #   colorlog
    #   ipython
    #   sacrebleu
    #   tqdm
colorlog==6.10.1
    # via optuna
contourpy==1.3.3
    # via matplotlib
cuda-bindings==13.3.1 ; sys_platform != 'darwin'
    # via
    #   nemo-toolkit
    #   torch
cuda-pathfinder==1.5.5 ; sys_platform != 'darwin'
    # via cuda-bindings
cuda-toolkit==13.0.2 ; sys_platform == 'linux'
    # via torch
cycler==0.12.1
    # via matplotlib
cytoolz==1.1.0
    # via lhotse
datasets==4.8.5
    # via nemo-toolkit
decorator==5.3.1
    # via
    #   ipython
    #   librosa
dill==0.4.1
    # via
    #   datasets
    #   multiprocess
editdistance==0.8.1
    # via nemo-toolkit
einops==0.8.2
    # via nemo-toolkit
executing==2.2.1
    # via stack-data
fiddle==0.3.0
    # via nemo-toolkit
filelock==3.29.0
    # via
    #   datasets
    #   huggingface-hub
    #   torch
    #   transformers
fonttools==4.63.0
    # via matplotlib
frozenlist==1.8.0
    # via
    #   aiohttp
    #   aiosignal
fsspec==2024.12.0
    # via
    #   datasets
    #   huggingface-hub
    #   lightning
    #   nemo-toolkit
    #   pytorch-lightning
    #   torch
future==1.0.0
    # via nnef-tools
gitdb==4.0.12
    # via gitpython
gitpython==3.1.50
    # via wandb
graphviz==0.21
    # via fiddle
greenlet==3.5.1 ; platform_machine == 'AMD64' or platform_machine == 'WIN32' or platform_machine == 'aarch64' or platform_machine == 'amd64' or platform_machine == 'ppc64le' or platform_machine == 'win32' or platform_machine == 'x86_64'
    # via sqlalchemy
grpcio==1.81.0
    # via tensorboard
h11==0.16.0
    # via httpcore
hf-xet==1.5.0 ; platform_machine == 'aarch64' or platform_machine == 'amd64' or platform_machine == 'arm64' or platform_machine == 'x86_64'
    # via huggingface-hub
httpcore==1.0.9
    # via httpx
httpx==0.28.1
    # via datasets
huggingface-hub==0.36.2
    # via
    #   accelerate
    #   datasets
    #   nemo-toolkit
    #   peft
    #   tokenizers
    #   transformers
hydra-core==1.3.2
    # via nemo-toolkit
idna==3.18
    # via
    #   anyio
    #   httpx
    #   requests
    #   yarl
indic-numtowords==1.1.0
    # via whisper-normalizer
inflect==7.5.0
    # via nemo-toolkit
intervaltree==3.2.1
    # via lhotse
ipython==9.14.0
    # via mediapy
ipython-pygments-lexers==1.1.1
    # via ipython
jedi==0.20.0
    # via ipython
jinja2==3.1.6
    # via torch
jiwer==3.1.0
    # via nemo-toolkit
joblib==1.5.3
    # via
    #   librosa
    #   sacremoses
    #   scikit-learn
kaldi-python-io==1.2.2
    # via nemo-toolkit
kaldialign==0.9.1
    # via nemo-toolkit
kiwisolver==1.5.0
    # via matplotlib
lazy-loader==0.5
    # via librosa
lhotse==1.33.0
    # via nemo-toolkit
libcst==1.8.6
    # via fiddle
librosa==0.11.0
    # via nemo-toolkit
lightning==2.4.0
    # via
    #   nemo-toolkit
    #   nv-one-logger-pytorch-lightning-integration
lightning-utilities==0.15.3
    # via
    #   lightning
    #   pytorch-lightning
    #   torchmetrics
llvmlite==0.47.0
    # via numba
lxml==6.1.1
    # via sacrebleu
mako==1.3.12
    # via
    #   alembic
    #   torch-to-nnef
markdown==3.10.2
    # via tensorboard
markdown-it-py==4.2.0
    # via rich
markupsafe==3.0.3
    # via
    #   jinja2
    #   mako
    #   werkzeug
marshmallow==4.3.0
    # via nemo-toolkit
matplotlib==3.10.9
    # via mediapy
matplotlib-inline==0.2.2
    # via ipython
mdurl==0.1.2
    # via markdown-it-py
mediapy==1.1.6
    # via nemo-toolkit
ml-dtypes==0.5.4
    # via onnx
more-itertools==11.1.0
    # via
    #   inflect
    #   whisper-normalizer
mpmath==1.3.0
    # via sympy
msgpack==1.1.2
    # via librosa
multidict==6.7.1
    # via
    #   aiohttp
    #   yarl
multiprocess==0.70.19
    # via datasets
narwhals==2.22.0
    # via scikit-learn
nemo-toolkit==2.7.3
    # via torch-to-nnef-nemo-asr
networkx==3.6.1
    # via torch
nnef==1.0.10
    # via
    #   nnef-tools
    #   torch-to-nnef
nnef-tools==1.0.11
    # via torch-to-nnef
numba==0.65.1
    # via
    #   librosa
    #   nemo-toolkit
    #   resampy
numexpr==2.13.1
    # via nemo-toolkit
numpy==2.3.5
    # via
    #   accelerate
    #   contourpy
    #   datasets
    #   kaldi-python-io
    #   lhotse
    #   librosa
    #   matplotlib
    #   mediapy
    #   ml-dtypes
    #   nemo-toolkit
    #   nnef
    #   nnef-tools
    #   numba
    #   numexpr
    #   onnx
    #   optuna
    #   pandas
    #   peft
    #   pyannote-core
    #   pyannote-metrics
    #   pyloudnorm
    #   resampy
    #   sacrebleu
    #   scikit-learn
    #   scipy
    #   soundfile
    #   sox
    #   soxr
    #   tensorboard
    #   torch-to-nnef
    #   torch-to-nnef-nemo-asr
    #   torchmetrics
    #   transformers
    #   webdataset
nv-one-logger-core==2.3.1
    # via
    #   nemo-toolkit
    #   nv-one-logger-pytorch-lightning-integration
    #   nv-one-logger-training-telemetry
nv-one-logger-pytorch-lightning-integration==2.3.1
    # via nemo-toolkit
nv-one-logger-training-telemetry==2.3.1
    # via
    #   nemo-toolkit
    #   nv-one-logger-pytorch-lightning-integration
nvidia-cublas==13.1.1.3 ; sys_platform == 'linux'
    # via
    #   nvidia-cudnn-cu13
    #   nvidia-cusolver
    #   torch
nvidia-cuda-cupti==13.0.85 ; sys_platform == 'linux'
    # via cuda-toolkit
nvidia-cuda-nvrtc==13.0.88 ; sys_platform == 'linux'
    # via
    #   cuda-toolkit
    #   nvidia-cublas
nvidia-cuda-runtime==13.0.96 ; sys_platform == 'linux'
    # via cuda-toolkit
nvidia-cudnn-cu13==9.20.0.48 ; sys_platform == 'linux'
    # via torch
nvidia-cufft==12.0.0.61 ; sys_platform == 'linux'
    # via cuda-toolkit
nvidia-cufile==1.15.1.6 ; sys_platform == 'linux'
    # via cuda-toolkit
nvidia-curand==10.4.0.35 ; sys_platform == 'linux'
    # via cuda-toolkit
nvidia-cusolver==12.0.4.66 ; sys_platform == 'linux'
    # via cuda-toolkit
nvidia-cusparse==12.6.3.3 ; sys_platform == 'linux'
    # via
    #   cuda-toolkit
    #   nvidia-cusolver
nvidia-cusparselt-cu13==0.8.1 ; sys_platform == 'linux'
    # via torch
nvidia-nccl-cu13==2.29.7 ; sys_platform == 'linux'
    # via torch
nvidia-nvjitlink==13.0.88 ; sys_platform == 'linux'
    # via
    #   cuda-toolkit
    #   nvidia-cufft
    #   nvidia-cusolver
    #   nvidia-cusparse
nvidia-nvshmem-cu13==3.4.5 ; sys_platform == 'linux'
    # via torch
nvidia-nvtx==13.0.85 ; sys_platform == 'linux'
    # via cuda-toolkit
omegaconf==2.3.0
    # via
    #   hydra-core
    #   nemo-toolkit
onnx==1.21.0
    # via nemo-toolkit
optuna==4.9.0
    # via nemo-toolkit
overrides==7.7.0
    # via nv-one-logger-core
packaging==24.2
    # via
    #   accelerate
    #   datasets
    #   huggingface-hub
    #   hydra-core
    #   lazy-loader
    #   lhotse
    #   lightning
    #   lightning-utilities
    #   matplotlib
    #   nemo-toolkit
    #   optuna
    #   peft
    #   pooch
    #   pytorch-lightning
    #   tensorboard
    #   torchmetrics
    #   transformers
    #   wandb
pandas==3.0.3
    # via
    #   datasets
    #   nemo-toolkit
    #   pyannote-core
    #   pyannote-database
    #   pyannote-metrics
parso==0.8.7
    # via jedi
peft==0.19.1
    # via nemo-toolkit
pexpect==4.9.0 ; sys_platform != 'emscripten' and sys_platform != 'win32'
    # via ipython
pillow==12.2.0
    # via
    #   matplotlib
    #   mediapy
    #   tensorboard
platformdirs==4.10.0
    # via
    #   pooch
    #   wandb
pooch==1.9.0
    # via librosa
portalocker==3.2.0
    # via sacrebleu
prompt-toolkit==3.0.52
    # via
    #   ipython
    #   questionary
propcache==0.5.2
    # via
    #   aiohttp
    #   yarl
protobuf==5.29.6
    # via
    #   nemo-toolkit
    #   onnx
    #   tensorboard
    #   wandb
psutil==7.2.2
    # via
    #   accelerate
    #   ipython
    #   peft
ptyprocess==0.7.0 ; sys_platform != 'emscripten' and sys_platform != 'win32'
    # via pexpect
pure-eval==0.2.3
    # via stack-data
pyannote-core==6.0.1
    # via
    #   nemo-toolkit
    #   pyannote-database
    #   pyannote-metrics
pyannote-database==6.1.1
    # via pyannote-metrics
pyannote-metrics==4.1
    # via nemo-toolkit
pyarrow==24.0.0
    # via datasets
pycparser==3.0 ; implementation_name != 'PyPy'
    # via cffi
pydantic==2.13.4
    # via
    #   nv-one-logger-core
    #   wandb
pydantic-core==2.46.4
    # via pydantic
pydub==0.25.1
    # via nemo-toolkit
pygments==2.20.0
    # via
    #   ipython
    #   ipython-pygments-lexers
    #   rich
pyloudnorm==0.2.0
    # via nemo-toolkit
pyparsing==3.3.2
    # via matplotlib
python-dateutil==2.9.0.post0
    # via
    #   matplotlib
    #   nemo-toolkit
    #   pandas
pytorch-lightning==2.6.5
    # via lightning
pywin32==311 ; sys_platform == 'win32'
    # via portalocker
pyyaml==6.0.3
    # via
    #   accelerate
    #   datasets
    #   huggingface-hub
    #   lhotse
    #   libcst
    #   lightning
    #   omegaconf
    #   optuna
    #   peft
    #   pyannote-database
    #   pytorch-lightning
    #   torch-to-nnef
    #   transformers
    #   wandb
    #   webdataset
pyyaml-ft==8.0.0 ; python_full_version == '3.13.*'
    # via libcst
questionary==2.1.1
    # via torch-to-nnef-nemo-asr
rapidfuzz==3.14.5
    # via jiwer
regex==2026.5.9
    # via
    #   sacrebleu
    #   sacremoses
    #   transformers
    #   whisper-normalizer
requests==2.34.2
    # via
    #   datasets
    #   huggingface-hub
    #   pooch
    #   transformers
    #   wandb
resampy==0.4.3
    # via nemo-toolkit
rich==15.0.0
    # via torch-to-nnef-nemo-asr
ruamel-yaml==0.19.1
    # via nemo-toolkit
sacrebleu==2.6.0
    # via nemo-toolkit
sacremoses==0.1.1
    # via nemo-toolkit
safetensors==0.7.0
    # via
    #   accelerate
    #   peft
    #   transformers
scikit-learn==1.9.0
    # via
    #   librosa
    #   nemo-toolkit
    #   pyannote-metrics
scipy==1.17.1
    # via
    #   librosa
    #   nemo-toolkit
    #   pyannote-metrics
    #   pyloudnorm
    #   scikit-learn
sentencepiece==0.2.1
    # via nemo-toolkit
sentry-sdk==2.61.1
    # via wandb
setuptools==81.0.0
    # via
    #   nemo-toolkit
    #   nv-one-logger-pytorch-lightning-integration
    #   tensorboard
    #   torch
six==1.17.0
    # via
    #   nnef-tools
    #   python-dateutil
smmap==5.0.3
    # via gitdb
sortedcontainers==2.4.0
    # via
    #   intervaltree
    #   pyannote-core
soundfile==0.13.1
    # via
    #   lhotse
    #   librosa
    #   nemo-toolkit
sox==1.5.0
    # via nemo-toolkit
soxr==1.1.0
    # via librosa
sqlalchemy==2.0.50
    # via
    #   alembic
    #   optuna
stack-data==0.6.3
    # via ipython
standard-aifc==3.13.0 ; python_full_version >= '3.13'
    # via
    #   audioread
    #   librosa
standard-chunk==3.13.0 ; python_full_version >= '3.13'
    # via standard-aifc
standard-sunau==3.13.0 ; python_full_version >= '3.13'
    # via
    #   audioread
    #   librosa
strenum==0.4.15
    # via
    #   nv-one-logger-core
    #   nv-one-logger-pytorch-lightning-integration
    #   nv-one-logger-training-telemetry
sympy==1.14.0
    # via torch
tabulate==0.10.0
    # via
    #   lhotse
    #   sacrebleu
tensorboard==2.20.0
    # via nemo-toolkit
tensorboard-data-server==0.7.2
    # via tensorboard
text-unidecode==1.3
    # via nemo-toolkit
threadpoolctl==3.6.0
    # via scikit-learn
tokenizers==0.22.2
    # via transformers
toml==0.10.2
    # via nv-one-logger-core
toolz==1.1.0
    # via cytoolz
torch==2.12.0
    # via
    #   accelerate
    #   lhotse
    #   lightning
    #   nemo-toolkit
    #   peft
    #   pytorch-lightning
    #   torch-to-nnef
    #   torchmetrics
torchaudio==2.11.0
    # via torch-to-nnef-nemo-asr
torchmetrics==1.9.0
    # via
    #   lightning
    #   nemo-toolkit
    #   pytorch-lightning
tqdm==4.67.3
    # via
    #   datasets
    #   huggingface-hub
    #   lhotse
    #   lightning
    #   nemo-toolkit
    #   optuna
    #   peft
    #   pytorch-lightning
    #   sacremoses
    #   transformers
traitlets==5.15.0
    # via
    #   ipython
    #   matplotlib-inline
transformers==4.57.6
    # via
    #   nemo-toolkit
    #   peft
triton==3.7.0 ; sys_platform == 'linux'
    # via torch
typeguard==4.5.2
    # via inflect
typing-extensions==4.15.0
    # via
    #   aiohttp
    #   aiosignal
    #   alembic
    #   anyio
    #   fiddle
    #   grpcio
    #   huggingface-hub
    #   ipython
    #   librosa
    #   lightning
    #   lightning-utilities
    #   nv-one-logger-core
    #   nv-one-logger-training-telemetry
    #   onnx
    #   pydantic
    #   pydantic-core
    #   pytorch-lightning
    #   sox
    #   sqlalchemy
    #   torch
    #   torch-to-nnef
    #   typeguard
    #   typing-inspection
    #   wandb
typing-inspection==0.4.2
    # via pydantic
tzdata==2026.2 ; sys_platform == 'emscripten' or sys_platform == 'win32'
    # via pandas
urllib3==2.7.0
    # via
    #   requests
    #   sentry-sdk
wandb==0.27.0
    # via nemo-toolkit
wcwidth==0.7.0
    # via prompt-toolkit
webdataset==1.0.2
    # via nemo-toolkit
werkzeug==3.1.8
    # via tensorboard
wget==3.2
    # via nemo-toolkit
whisper-normalizer==0.1.12
    # via nemo-toolkit
wrapt==2.2.1
    # via nemo-toolkit
xxhash==3.7.0
    # via datasets
yarl==1.24.2
    # via aiohttp
